
Microsoft Visual Studio Solution File, Format Version 12.00
# Visual Studio Version 17
VisualStudioVersion = 17.8.34525.116
MinimumVisualStudioVersion = 10.0.40219.1
Project("{FAE04EC0-301F-11D3-BF4B-00C04F79EFBC}") = "russian roulette - THE MOD!!11", "russian roulette - THE MOD!!11.csproj", "{7E6E561A-1D0D-4B21-8AD5-E493BE7188D9}"
EndProject
Global
	GlobalSection(SolutionConfigurationPlatforms) = preSolution
		Debug|Any CPU = Debug|Any CPU
		Release|Any CPU = Release|Any CPU
	EndGlobalSection
	GlobalSection(ProjectConfigurationPlatforms) = postSolution
		{7E6E561A-1D0D-4B21-8AD5-E493BE7188D9}.Debug|Any CPU.ActiveCfg = Debug|Any CPU
		{7E6E561A-1D0D-4B21-8AD5-E493BE7188D9}.Debug|Any CPU.Build.0 = Debug|Any CPU
		{7E6E561A-1D0D-4B21-8AD5-E493BE7188D9}.Release|Any CPU.ActiveCfg = Release|Any CPU
		{7E6E561A-1D0D-4B21-8AD5-E493BE7188D9}.Release|Any CPU.Build.0 = Release|Any CPU
	EndGlobalSection
	GlobalSection(SolutionProperties) = preSolution
		HideSolutionNode = FALSE
	EndGlobalSection
	GlobalSection(ExtensibilityGlobals) = postSolution
		SolutionGuid = {6FBE95B5-44C1-4E0C-BB71-72295A3E013A}
	EndGlobalSection
EndGlobal
